
Microsoft Visual Studio Solution File, Format Version 12.00
# Visual Studio 15
VisualStudioVersion = 15.0.28307.757
MinimumVisualStudioVersion = 10.0.40219.1
Project("{FAE04EC0-301F-11D3-BF4B-00C04F79EFBC}") = "capaentidades", "capaentidades\capaentidades.csproj", "{15427D45-D45B-4958-8E2B-3E9876BCCDAF}"
EndProject
Project("{FAE04EC0-301F-11D3-BF4B-00C04F79EFBC}") = "capadato", "capadato\capadato.csproj", "{AFAB4A76-2BFA-4F32-9F50-D42928685A30}"
EndProject
Global
	GlobalSection(SolutionConfigurationPlatforms) = preSolution
		Debug|Any CPU = Debug|Any CPU
		Release|Any CPU = Release|Any CPU
	EndGlobalSection
	GlobalSection(ProjectConfigurationPlatforms) = postSolution
		{15427D45-D45B-4958-8E2B-3E9876BCCDAF}.Debug|Any CPU.ActiveCfg = Debug|Any CPU
		{15427D45-D45B-4958-8E2B-3E9876BCCDAF}.Debug|Any CPU.Build.0 = Debug|Any CPU
		{15427D45-D45B-4958-8E2B-3E9876BCCDAF}.Release|Any CPU.ActiveCfg = Release|Any CPU
		{15427D45-D45B-4958-8E2B-3E9876BCCDAF}.Release|Any CPU.Build.0 = Release|Any CPU
		{AFAB4A76-2BFA-4F32-9F50-D42928685A30}.Debug|Any CPU.ActiveCfg = Debug|Any CPU
		{AFAB4A76-2BFA-4F32-9F50-D42928685A30}.Debug|Any CPU.Build.0 = Debug|Any CPU
		{AFAB4A76-2BFA-4F32-9F50-D42928685A30}.Release|Any CPU.ActiveCfg = Release|Any CPU
		{AFAB4A76-2BFA-4F32-9F50-D42928685A30}.Release|Any CPU.Build.0 = Release|Any CPU
	EndGlobalSection
	GlobalSection(SolutionProperties) = preSolution
		HideSolutionNode = FALSE
	EndGlobalSection
	GlobalSection(ExtensibilityGlobals) = postSolution
		SolutionGuid = {7AF489A0-332E-484E-B4B2-C7BD56103512}
	EndGlobalSection
EndGlobal
