
Microsoft Visual Studio Solution File, Format Version 12.00
# Visual Studio 15
VisualStudioVersion = 15.0.28307.757
MinimumVisualStudioVersion = 10.0.40219.1
Project("{FAE04EC0-301F-11D3-BF4B-00C04F79EFBC}") = "capaentidades", "capaentidades\capaentidades.csproj", "{15427D45-D45B-4958-8E2B-3E9876BCCDAF}"
EndProject
Project("{FAE04EC0-301F-11D3-BF4B-00C04F79EFBC}") = "capadato", "capadato\capadato.csproj", "{AFAB4A76-2BFA-4F32-9F50-D42928685A30}"
EndProject
Project("{FAE04EC0-301F-11D3-BF4B-00C04F79EFBC}") = "capanegocio", "capanegocio\capanegocio.csproj", "{6A130482-F6CF-49A1-91EB-D1512CBFB0B4}"
EndProject
Project("{FAE04EC0-301F-11D3-BF4B-00C04F79EFBC}") = "capaPresentacionCita", "capaPresentacionCita\capaPresentacionCita.csproj", "{E58EF1A3-B534-408F-AC73-6F1768715433}"
EndProject
Project("{FAE04EC0-301F-11D3-BF4B-00C04F79EFBC}") = "capaPresentacionConsulta", "capaPresentacionConsulta\capaPresentacionConsulta.csproj", "{9C87C668-3254-43D9-B8A8-A5C3A525AEAC}"
EndProject
Project("{FAE04EC0-301F-11D3-BF4B-00C04F79EFBC}") = "capaPresentacionEspecialidad", "capaPresentacionEspecialidad\capaPresentacionEspecialidad.csproj", "{971E5BBE-3DB6-4C03-B0B6-6A8FE33A2F6D}"
EndProject
Project("{FAE04EC0-301F-11D3-BF4B-00C04F79EFBC}") = "capaPresentacionExpediente", "capaPresentacionExpediente\capaPresentacionExpediente.csproj", "{E8BBBCAA-BBBC-4EA8-BC7E-C72709ED6E4F}"
EndProject
Project("{FAE04EC0-301F-11D3-BF4B-00C04F79EFBC}") = "capaPresentacionRecetaMedica", "capaPresentacionRecetaMedica\capaPresentacionRecetaMedica.csproj", "{44EF5D63-B72C-47E3-8C17-5A5DBED76DD5}"
EndProject
Project("{FAE04EC0-301F-11D3-BF4B-00C04F79EFBC}") = "capaPresentacionRegistroPaciente", "capaPresentacionRegistroPaciente\capaPresentacionRegistroPaciente.csproj", "{1C1B05ED-33DD-4330-9892-19F6A3CE988B}"
EndProject
Global
	GlobalSection(SolutionConfigurationPlatforms) = preSolution
		Debug|Any CPU = Debug|Any CPU
		Release|Any CPU = Release|Any CPU
	EndGlobalSection
	GlobalSection(ProjectConfigurationPlatforms) = postSolution
		{15427D45-D45B-4958-8E2B-3E9876BCCDAF}.Debug|Any CPU.ActiveCfg = Debug|Any CPU
		{15427D45-D45B-4958-8E2B-3E9876BCCDAF}.Debug|Any CPU.Build.0 = Debug|Any CPU
		{15427D45-D45B-4958-8E2B-3E9876BCCDAF}.Release|Any CPU.ActiveCfg = Release|Any CPU
		{15427D45-D45B-4958-8E2B-3E9876BCCDAF}.Release|Any CPU.Build.0 = Release|Any CPU
		{AFAB4A76-2BFA-4F32-9F50-D42928685A30}.Debug|Any CPU.ActiveCfg = Debug|Any CPU
		{AFAB4A76-2BFA-4F32-9F50-D42928685A30}.Debug|Any CPU.Build.0 = Debug|Any CPU
		{AFAB4A76-2BFA-4F32-9F50-D42928685A30}.Release|Any CPU.ActiveCfg = Release|Any CPU
		{AFAB4A76-2BFA-4F32-9F50-D42928685A30}.Release|Any CPU.Build.0 = Release|Any CPU
		{6A130482-F6CF-49A1-91EB-D1512CBFB0B4}.Debug|Any CPU.ActiveCfg = Debug|Any CPU
		{6A130482-F6CF-49A1-91EB-D1512CBFB0B4}.Debug|Any CPU.Build.0 = Debug|Any CPU
		{6A130482-F6CF-49A1-91EB-D1512CBFB0B4}.Release|Any CPU.ActiveCfg = Release|Any CPU
		{6A130482-F6CF-49A1-91EB-D1512CBFB0B4}.Release|Any CPU.Build.0 = Release|Any CPU
		{E58EF1A3-B534-408F-AC73-6F1768715433}.Debug|Any CPU.ActiveCfg = Debug|Any CPU
		{E58EF1A3-B534-408F-AC73-6F1768715433}.Debug|Any CPU.Build.0 = Debug|Any CPU
		{E58EF1A3-B534-408F-AC73-6F1768715433}.Release|Any CPU.ActiveCfg = Release|Any CPU
		{E58EF1A3-B534-408F-AC73-6F1768715433}.Release|Any CPU.Build.0 = Release|Any CPU
		{9C87C668-3254-43D9-B8A8-A5C3A525AEAC}.Debug|Any CPU.ActiveCfg = Debug|Any CPU
		{9C87C668-3254-43D9-B8A8-A5C3A525AEAC}.Debug|Any CPU.Build.0 = Debug|Any CPU
		{9C87C668-3254-43D9-B8A8-A5C3A525AEAC}.Release|Any CPU.ActiveCfg = Release|Any CPU
		{9C87C668-3254-43D9-B8A8-A5C3A525AEAC}.Release|Any CPU.Build.0 = Release|Any CPU
		{971E5BBE-3DB6-4C03-B0B6-6A8FE33A2F6D}.Debug|Any CPU.ActiveCfg = Debug|Any CPU
		{971E5BBE-3DB6-4C03-B0B6-6A8FE33A2F6D}.Debug|Any CPU.Build.0 = Debug|Any CPU
		{971E5BBE-3DB6-4C03-B0B6-6A8FE33A2F6D}.Release|Any CPU.ActiveCfg = Release|Any CPU
		{971E5BBE-3DB6-4C03-B0B6-6A8FE33A2F6D}.Release|Any CPU.Build.0 = Release|Any CPU
		{E8BBBCAA-BBBC-4EA8-BC7E-C72709ED6E4F}.Debug|Any CPU.ActiveCfg = Debug|Any CPU
		{E8BBBCAA-BBBC-4EA8-BC7E-C72709ED6E4F}.Debug|Any CPU.Build.0 = Debug|Any CPU
		{E8BBBCAA-BBBC-4EA8-BC7E-C72709ED6E4F}.Release|Any CPU.ActiveCfg = Release|Any CPU
		{E8BBBCAA-BBBC-4EA8-BC7E-C72709ED6E4F}.Release|Any CPU.Build.0 = Release|Any CPU
		{44EF5D63-B72C-47E3-8C17-5A5DBED76DD5}.Debug|Any CPU.ActiveCfg = Debug|Any CPU
		{44EF5D63-B72C-47E3-8C17-5A5DBED76DD5}.Debug|Any CPU.Build.0 = Debug|Any CPU
		{44EF5D63-B72C-47E3-8C17-5A5DBED76DD5}.Release|Any CPU.ActiveCfg = Release|Any CPU
		{44EF5D63-B72C-47E3-8C17-5A5DBED76DD5}.Release|Any CPU.Build.0 = Release|Any CPU
		{1C1B05ED-33DD-4330-9892-19F6A3CE988B}.Debug|Any CPU.ActiveCfg = Debug|Any CPU
		{1C1B05ED-33DD-4330-9892-19F6A3CE988B}.Debug|Any CPU.Build.0 = Debug|Any CPU
		{1C1B05ED-33DD-4330-9892-19F6A3CE988B}.Release|Any CPU.ActiveCfg = Release|Any CPU
		{1C1B05ED-33DD-4330-9892-19F6A3CE988B}.Release|Any CPU.Build.0 = Release|Any CPU
	EndGlobalSection
	GlobalSection(SolutionProperties) = preSolution
		HideSolutionNode = FALSE
	EndGlobalSection
	GlobalSection(ExtensibilityGlobals) = postSolution
		SolutionGuid = {7AF489A0-332E-484E-B4B2-C7BD56103512}
	EndGlobalSection
EndGlobal
